
Microsoft Visual Studio Solution File, Format Version 12.00
# Visual Studio Version 17
VisualStudioVersion = 17.5.33530.505
MinimumVisualStudioVersion = 10.0.40219.1
Project("{FAE04EC0-301F-11D3-BF4B-00C04F79EFBC}") = "BaseWPFApp", "BaseWPFApp.csproj", "{1E56F7E3-D384-4BD8-AA02-F66DD1E1FAD1}"
EndProject
Global
	GlobalSection(SolutionConfigurationPlatforms) = preSolution
		Debug|Any CPU = Debug|Any CPU
		Release|Any CPU = Release|Any CPU
	EndGlobalSection
	GlobalSection(ProjectConfigurationPlatforms) = postSolution
		{1E56F7E3-D384-4BD8-AA02-F66DD1E1FAD1}.Debug|Any CPU.ActiveCfg = Debug|Any CPU
		{1E56F7E3-D384-4BD8-AA02-F66DD1E1FAD1}.Debug|Any CPU.Build.0 = Debug|Any CPU
		{1E56F7E3-D384-4BD8-AA02-F66DD1E1FAD1}.Release|Any CPU.ActiveCfg = Release|Any CPU
		{1E56F7E3-D384-4BD8-AA02-F66DD1E1FAD1}.Release|Any CPU.Build.0 = Release|Any CPU
	EndGlobalSection
	GlobalSection(SolutionProperties) = preSolution
		HideSolutionNode = FALSE
	EndGlobalSection
	GlobalSection(ExtensibilityGlobals) = postSolution
		SolutionGuid = {F7C244F1-4152-48EB-92A8-CC65D6597EFA}
	EndGlobalSection
EndGlobal
